
Microsoft Visual Studio Solution File, Format Version 12.00
# Visual Studio Version 17
VisualStudioVersion = 17.9.34622.214
MinimumVisualStudioVersion = 10.0.40219.1
Project("{9A19103F-16F7-4668-BE54-9A1E7A4F7556}") = "coIT.Toolkit.SendGrid.TemplateManager", "coIT.Toolkit.SendGrid.TemplateManager\coIT.Toolkit.SendGrid.TemplateManager.csproj", "{C1C23A7D-F561-4B89-869A-C9A1E3131A48}"
EndProject
Global
	GlobalSection(SolutionConfigurationPlatforms) = preSolution
		Debug|Any CPU = Debug|Any CPU
		Release|Any CPU = Release|Any CPU
	EndGlobalSection
	GlobalSection(ProjectConfigurationPlatforms) = postSolution
		{C1C23A7D-F561-4B89-869A-C9A1E3131A48}.Debug|Any CPU.ActiveCfg = Debug|Any CPU
		{C1C23A7D-F561-4B89-869A-C9A1E3131A48}.Debug|Any CPU.Build.0 = Debug|Any CPU
		{C1C23A7D-F561-4B89-869A-C9A1E3131A48}.Release|Any CPU.ActiveCfg = Release|Any CPU
		{C1C23A7D-F561-4B89-869A-C9A1E3131A48}.Release|Any CPU.Build.0 = Release|Any CPU
	EndGlobalSection
	GlobalSection(SolutionProperties) = preSolution
		HideSolutionNode = FALSE
	EndGlobalSection
	GlobalSection(ExtensibilityGlobals) = postSolution
		SolutionGuid = {AD9102FC-5FAE-4943-A3FA-DF2ACCED9F71}
	EndGlobalSection
EndGlobal
